
Microsoft Visual Studio Solution File, Format Version 12.00
# Visual Studio Version 16
VisualStudioVersion = 16.0.29728.190
MinimumVisualStudioVersion = 10.0.40219.1
Project("{FAE04EC0-301F-11D3-BF4B-00C04F79EFBC}") = "BaiTapLon10118350", "BaiTapLon10118350\BaiTapLon10118350.csproj", "{852E57C3-7B07-42B4-8166-B6E200D97944}"
EndProject
Global
	GlobalSection(SolutionConfigurationPlatforms) = preSolution
		Debug|Any CPU = Debug|Any CPU
		Release|Any CPU = Release|Any CPU
	EndGlobalSection
	GlobalSection(ProjectConfigurationPlatforms) = postSolution
		{852E57C3-7B07-42B4-8166-B6E200D97944}.Debug|Any CPU.ActiveCfg = Debug|Any CPU
		{852E57C3-7B07-42B4-8166-B6E200D97944}.Debug|Any CPU.Build.0 = Debug|Any CPU
		{852E57C3-7B07-42B4-8166-B6E200D97944}.Release|Any CPU.ActiveCfg = Release|Any CPU
		{852E57C3-7B07-42B4-8166-B6E200D97944}.Release|Any CPU.Build.0 = Release|Any CPU
	EndGlobalSection
	GlobalSection(SolutionProperties) = preSolution
		HideSolutionNode = FALSE
	EndGlobalSection
	GlobalSection(ExtensibilityGlobals) = postSolution
		SolutionGuid = {542228B9-9D52-4B11-B083-9BDEB324CEFF}
	EndGlobalSection
EndGlobal
